
Microsoft Visual Studio Solution File, Format Version 12.00
# Visual Studio 15
VisualStudioVersion = 15.0.28307.779
MinimumVisualStudioVersion = 10.0.40219.1
Project("{FAE04EC0-301F-11D3-BF4B-00C04F79EFBC}") = "POSAPI2", "POSAPI2\POSAPI2.csproj", "{3A0E2C14-B068-4E03-ACC6-EB8D3571960A}"
EndProject
Global
	GlobalSection(SolutionConfigurationPlatforms) = preSolution
		Debug|Any CPU = Debug|Any CPU
		Release|Any CPU = Release|Any CPU
	EndGlobalSection
	GlobalSection(ProjectConfigurationPlatforms) = postSolution
		{3A0E2C14-B068-4E03-ACC6-EB8D3571960A}.Debug|Any CPU.ActiveCfg = Debug|Any CPU
		{3A0E2C14-B068-4E03-ACC6-EB8D3571960A}.Debug|Any CPU.Build.0 = Debug|Any CPU
		{3A0E2C14-B068-4E03-ACC6-EB8D3571960A}.Release|Any CPU.ActiveCfg = Release|Any CPU
		{3A0E2C14-B068-4E03-ACC6-EB8D3571960A}.Release|Any CPU.Build.0 = Release|Any CPU
	EndGlobalSection
	GlobalSection(SolutionProperties) = preSolution
		HideSolutionNode = FALSE
	EndGlobalSection
	GlobalSection(ExtensibilityGlobals) = postSolution
		SolutionGuid = {182B1435-95A3-4EBD-839F-BA9C8BA2321E}
	EndGlobalSection
EndGlobal
